Microsoft Visual Studio Solution File, Format Version 12.00
# Visual Studio Version 18
VisualStudioVersion = 18.5.11723.231 stable
MinimumVisualStudioVersion = 10.0.40219.1
Project("{FAE04EC0-301F-11D3-BF4B-00C04F79EFBC}") = "NogoYa.Domain", "src\NogoYa.Domain\NogoYa.Domain.csproj", "{D1000001-0001-0001-0001-000000000001}"
EndProject
Project("{FAE04EC0-301F-11D3-BF4B-00C04F79EFBC}") = "NogoYa.Application", "src\NogoYa.Application\NogoYa.Application.csproj", "{D1000001-0001-0001-0001-000000000002}"
EndProject
Project("{FAE04EC0-301F-11D3-BF4B-00C04F79EFBC}") = "NogoYa.Infrastructure", "src\NogoYa.Infrastructure\NogoYa.Infrastructure.csproj", "{D1000001-0001-0001-0001-000000000003}"
EndProject
Project("{FAE04EC0-301F-11D3-BF4B-00C04F79EFBC}") = "NogoYa.API", "src\NogoYa.API\NogoYa.API.csproj", "{D1000001-0001-0001-0001-000000000004}"
EndProject
Global
	GlobalSection(SolutionConfigurationPlatforms) = preSolution
		Debug|Any CPU = Debug|Any CPU
		Release|Any CPU = Release|Any CPU
	EndGlobalSection
	GlobalSection(ProjectConfigurationPlatforms) = postSolution
		{D1000001-0001-0001-0001-000000000001}.Debug|Any CPU.ActiveCfg = Debug|Any CPU
		{D1000001-0001-0001-0001-000000000001}.Debug|Any CPU.Build.0 = Debug|Any CPU
		{D1000001-0001-0001-0001-000000000001}.Release|Any CPU.ActiveCfg = Release|Any CPU
		{D1000001-0001-0001-0001-000000000001}.Release|Any CPU.Build.0 = Release|Any CPU
		{D1000001-0001-0001-0001-000000000002}.Debug|Any CPU.ActiveCfg = Debug|Any CPU
		{D1000001-0001-0001-0001-000000000002}.Debug|Any CPU.Build.0 = Debug|Any CPU
		{D1000001-0001-0001-0001-000000000002}.Release|Any CPU.ActiveCfg = Release|Any CPU
		{D1000001-0001-0001-0001-000000000002}.Release|Any CPU.Build.0 = Release|Any CPU
		{D1000001-0001-0001-0001-000000000003}.Debug|Any CPU.ActiveCfg = Debug|Any CPU
		{D1000001-0001-0001-0001-000000000003}.Debug|Any CPU.Build.0 = Debug|Any CPU
		{D1000001-0001-0001-0001-000000000003}.Release|Any CPU.ActiveCfg = Release|Any CPU
		{D1000001-0001-0001-0001-000000000003}.Release|Any CPU.Build.0 = Release|Any CPU
		{D1000001-0001-0001-0001-000000000004}.Debug|Any CPU.ActiveCfg = Debug|Any CPU
		{D1000001-0001-0001-0001-000000000004}.Debug|Any CPU.Build.0 = Debug|Any CPU
		{D1000001-0001-0001-0001-000000000004}.Release|Any CPU.ActiveCfg = Release|Any CPU
		{D1000001-0001-0001-0001-000000000004}.Release|Any CPU.Build.0 = Release|Any CPU
	EndGlobalSection
	GlobalSection(SolutionProperties) = preSolution
		HideSolutionNode = FALSE
	EndGlobalSection
EndGlobal
